
Microsoft Visual Studio Solution File, Format Version 12.00
# Visual Studio Version 16
VisualStudioVersion = 16.0.30011.22
MinimumVisualStudioVersion = 10.0.40219.1
Project("{888888A0-9F3D-457C-B088-3A5042F75D52}") = "카카오 후보키 두번째", "카카오 후보키 두번째\카카오 후보키 두번째.pyproj", "{55C0DA26-6C9A-4168-A601-8C14DFACC022}"
EndProject
Global
	GlobalSection(SolutionConfigurationPlatforms) = preSolution
		Debug|Any CPU = Debug|Any CPU
		Release|Any CPU = Release|Any CPU
	EndGlobalSection
	GlobalSection(ProjectConfigurationPlatforms) = postSolution
		{55C0DA26-6C9A-4168-A601-8C14DFACC022}.Debug|Any CPU.ActiveCfg = Debug|Any CPU
		{55C0DA26-6C9A-4168-A601-8C14DFACC022}.Release|Any CPU.ActiveCfg = Release|Any CPU
	EndGlobalSection
	GlobalSection(SolutionProperties) = preSolution
		HideSolutionNode = FALSE
	EndGlobalSection
	GlobalSection(ExtensibilityGlobals) = postSolution
		SolutionGuid = {F035B3E1-7F98-468B-848F-52F881CE01FE}
	EndGlobalSection
EndGlobal
