
Microsoft Visual Studio Solution File, Format Version 12.00
# Visual Studio Version 16
VisualStudioVersion = 16.0.30011.22
MinimumVisualStudioVersion = 10.0.40219.1
Project("{888888A0-9F3D-457C-B088-3A5042F75D52}") = "카카오 실패유 ㄹ", "카카오 실패유 ㄹ\카카오 실패유 ㄹ.pyproj", "{FAAEF2E9-F65C-4269-9A78-9F73880570B0}"
EndProject
Global
	GlobalSection(SolutionConfigurationPlatforms) = preSolution
		Debug|Any CPU = Debug|Any CPU
		Release|Any CPU = Release|Any CPU
	EndGlobalSection
	GlobalSection(ProjectConfigurationPlatforms) = postSolution
		{FAAEF2E9-F65C-4269-9A78-9F73880570B0}.Debug|Any CPU.ActiveCfg = Debug|Any CPU
		{FAAEF2E9-F65C-4269-9A78-9F73880570B0}.Release|Any CPU.ActiveCfg = Release|Any CPU
	EndGlobalSection
	GlobalSection(SolutionProperties) = preSolution
		HideSolutionNode = FALSE
	EndGlobalSection
	GlobalSection(ExtensibilityGlobals) = postSolution
		SolutionGuid = {689CEB9A-26DC-43FE-A438-0B2FA3ED0AE7}
	EndGlobalSection
EndGlobal
