
Microsoft Visual Studio Solution File, Format Version 12.00
# Visual Studio Version 16
VisualStudioVersion = 16.0.30011.22
MinimumVisualStudioVersion = 10.0.40219.1
Project("{888888A0-9F3D-457C-B088-3A5042F75D52}") = "dfs bfs 네트워크", "dfs bfs 네트워크\dfs bfs 네트워크.pyproj", "{F84F5146-0164-4BE4-8315-84C15596E3A4}"
EndProject
Global
	GlobalSection(SolutionConfigurationPlatforms) = preSolution
		Debug|Any CPU = Debug|Any CPU
		Release|Any CPU = Release|Any CPU
	EndGlobalSection
	GlobalSection(ProjectConfigurationPlatforms) = postSolution
		{F84F5146-0164-4BE4-8315-84C15596E3A4}.Debug|Any CPU.ActiveCfg = Debug|Any CPU
		{F84F5146-0164-4BE4-8315-84C15596E3A4}.Release|Any CPU.ActiveCfg = Release|Any CPU
	EndGlobalSection
	GlobalSection(SolutionProperties) = preSolution
		HideSolutionNode = FALSE
	EndGlobalSection
	GlobalSection(ExtensibilityGlobals) = postSolution
		SolutionGuid = {96AC6D2B-4799-4581-84F4-DA349C92C287}
	EndGlobalSection
EndGlobal
