
Microsoft Visual Studio Solution File, Format Version 12.00
# Visual Studio Version 16
VisualStudioVersion = 16.0.30011.22
MinimumVisualStudioVersion = 10.0.40219.1
Project("{888888A0-9F3D-457C-B088-3A5042F75D52}") = "카카오 오픈채팅방", "카카오 오픈채팅방\카카오 오픈채팅방.pyproj", "{4F0AA362-8536-4EA4-AB7A-8633AAF74F0A}"
EndProject
Global
	GlobalSection(SolutionConfigurationPlatforms) = preSolution
		Debug|Any CPU = Debug|Any CPU
		Release|Any CPU = Release|Any CPU
	EndGlobalSection
	GlobalSection(ProjectConfigurationPlatforms) = postSolution
		{4F0AA362-8536-4EA4-AB7A-8633AAF74F0A}.Debug|Any CPU.ActiveCfg = Debug|Any CPU
		{4F0AA362-8536-4EA4-AB7A-8633AAF74F0A}.Release|Any CPU.ActiveCfg = Release|Any CPU
	EndGlobalSection
	GlobalSection(SolutionProperties) = preSolution
		HideSolutionNode = FALSE
	EndGlobalSection
	GlobalSection(ExtensibilityGlobals) = postSolution
		SolutionGuid = {C51450CD-1E78-4F77-8545-5BB089E0E493}
	EndGlobalSection
EndGlobal
