
Microsoft Visual Studio Solution File, Format Version 12.00
# Visual Studio Version 16
VisualStudioVersion = 16.0.30011.22
MinimumVisualStudioVersion = 10.0.40219.1
Project("{888888A0-9F3D-457C-B088-3A5042F75D52}") = "주식가격 두번째", "주식가격 두번째\주식가격 두번째.pyproj", "{0C1F4181-7495-42EC-A3C0-EE5CCE36A4CC}"
EndProject
Global
	GlobalSection(SolutionConfigurationPlatforms) = preSolution
		Debug|Any CPU = Debug|Any CPU
		Release|Any CPU = Release|Any CPU
	EndGlobalSection
	GlobalSection(ProjectConfigurationPlatforms) = postSolution
		{0C1F4181-7495-42EC-A3C0-EE5CCE36A4CC}.Debug|Any CPU.ActiveCfg = Debug|Any CPU
		{0C1F4181-7495-42EC-A3C0-EE5CCE36A4CC}.Release|Any CPU.ActiveCfg = Release|Any CPU
	EndGlobalSection
	GlobalSection(SolutionProperties) = preSolution
		HideSolutionNode = FALSE
	EndGlobalSection
	GlobalSection(ExtensibilityGlobals) = postSolution
		SolutionGuid = {51B1C6EA-7C32-4FA6-AD3D-97480CC168F9}
	EndGlobalSection
EndGlobal
