
Microsoft Visual Studio Solution File, Format Version 12.00
# Visual Studio Version 16
VisualStudioVersion = 16.0.30011.22
MinimumVisualStudioVersion = 10.0.40219.1
Project("{888888A0-9F3D-457C-B088-3A5042F75D52}") = "3109 빵집 백트래킹", "3109 빵집 백트래킹\3109 빵집 백트래킹.pyproj", "{5F7CCDF4-D542-47FC-9EC7-A1B62173928D}"
EndProject
Global
	GlobalSection(SolutionConfigurationPlatforms) = preSolution
		Debug|Any CPU = Debug|Any CPU
		Release|Any CPU = Release|Any CPU
	EndGlobalSection
	GlobalSection(ProjectConfigurationPlatforms) = postSolution
		{5F7CCDF4-D542-47FC-9EC7-A1B62173928D}.Debug|Any CPU.ActiveCfg = Debug|Any CPU
		{5F7CCDF4-D542-47FC-9EC7-A1B62173928D}.Release|Any CPU.ActiveCfg = Release|Any CPU
	EndGlobalSection
	GlobalSection(SolutionProperties) = preSolution
		HideSolutionNode = FALSE
	EndGlobalSection
	GlobalSection(ExtensibilityGlobals) = postSolution
		SolutionGuid = {5C625796-4535-4135-86DB-D134C89EE28E}
	EndGlobalSection
EndGlobal
