
Microsoft Visual Studio Solution File, Format Version 12.00
# Visual Studio Version 16
VisualStudioVersion = 16.0.30011.22
MinimumVisualStudioVersion = 10.0.40219.1
Project("{888888A0-9F3D-457C-B088-3A5042F75D52}") = "문제4", "문제4\문제4.pyproj", "{4AF8BD07-8376-419A-AA34-FD3CC8BD9EE8}"
EndProject
Global
	GlobalSection(SolutionConfigurationPlatforms) = preSolution
		Debug|Any CPU = Debug|Any CPU
		Release|Any CPU = Release|Any CPU
	EndGlobalSection
	GlobalSection(ProjectConfigurationPlatforms) = postSolution
		{4AF8BD07-8376-419A-AA34-FD3CC8BD9EE8}.Debug|Any CPU.ActiveCfg = Debug|Any CPU
		{4AF8BD07-8376-419A-AA34-FD3CC8BD9EE8}.Release|Any CPU.ActiveCfg = Release|Any CPU
	EndGlobalSection
	GlobalSection(SolutionProperties) = preSolution
		HideSolutionNode = FALSE
	EndGlobalSection
	GlobalSection(ExtensibilityGlobals) = postSolution
		SolutionGuid = {62AC65E9-730E-43B8-B43D-659B92AAAFA1}
	EndGlobalSection
EndGlobal
