
Microsoft Visual Studio Solution File, Format Version 12.00
# Visual Studio Version 16
VisualStudioVersion = 16.0.30011.22
MinimumVisualStudioVersion = 10.0.40219.1
Project("{888888A0-9F3D-457C-B088-3A5042F75D52}") = "카카오 외벽 점검 세번째", "카카오 외벽 점검 세번째\카카오 외벽 점검 세번째.pyproj", "{46730D59-C287-41AD-AA9B-281E536DDCC4}"
EndProject
Global
	GlobalSection(SolutionConfigurationPlatforms) = preSolution
		Debug|Any CPU = Debug|Any CPU
		Release|Any CPU = Release|Any CPU
	EndGlobalSection
	GlobalSection(ProjectConfigurationPlatforms) = postSolution
		{46730D59-C287-41AD-AA9B-281E536DDCC4}.Debug|Any CPU.ActiveCfg = Debug|Any CPU
		{46730D59-C287-41AD-AA9B-281E536DDCC4}.Release|Any CPU.ActiveCfg = Release|Any CPU
	EndGlobalSection
	GlobalSection(SolutionProperties) = preSolution
		HideSolutionNode = FALSE
	EndGlobalSection
	GlobalSection(ExtensibilityGlobals) = postSolution
		SolutionGuid = {BC63DAC7-57BF-4C38-85E7-C51F17B28738}
	EndGlobalSection
EndGlobal
