
Microsoft Visual Studio Solution File, Format Version 12.00
# Visual Studio Version 16
VisualStudioVersion = 16.0.30011.22
MinimumVisualStudioVersion = 10.0.40219.1
Project("{888888A0-9F3D-457C-B088-3A5042F75D52}") = "최단경로 1753 그래프", "최단경로 1753 그래프\최단경로 1753 그래프.pyproj", "{03540AB1-BE36-471D-A9AF-3A9EB3A558A4}"
EndProject
Global
	GlobalSection(SolutionConfigurationPlatforms) = preSolution
		Debug|Any CPU = Debug|Any CPU
		Release|Any CPU = Release|Any CPU
	EndGlobalSection
	GlobalSection(ProjectConfigurationPlatforms) = postSolution
		{03540AB1-BE36-471D-A9AF-3A9EB3A558A4}.Debug|Any CPU.ActiveCfg = Debug|Any CPU
		{03540AB1-BE36-471D-A9AF-3A9EB3A558A4}.Release|Any CPU.ActiveCfg = Release|Any CPU
	EndGlobalSection
	GlobalSection(SolutionProperties) = preSolution
		HideSolutionNode = FALSE
	EndGlobalSection
	GlobalSection(ExtensibilityGlobals) = postSolution
		SolutionGuid = {E8676C52-CFE0-4500-A9FE-56B54605FB40}
	EndGlobalSection
EndGlobal
