
Microsoft Visual Studio Solution File, Format Version 12.00
# Visual Studio Version 16
VisualStudioVersion = 16.0.30011.22
MinimumVisualStudioVersion = 10.0.40219.1
Project("{888888A0-9F3D-457C-B088-3A5042F75D52}") = "dp RGB거리 2", "dp RGB거리 2\dp RGB거리 2.pyproj", "{CC5C4C9D-ACEA-4AF9-BF7B-D3C963F677E4}"
EndProject
Global
	GlobalSection(SolutionConfigurationPlatforms) = preSolution
		Debug|Any CPU = Debug|Any CPU
		Release|Any CPU = Release|Any CPU
	EndGlobalSection
	GlobalSection(ProjectConfigurationPlatforms) = postSolution
		{CC5C4C9D-ACEA-4AF9-BF7B-D3C963F677E4}.Debug|Any CPU.ActiveCfg = Debug|Any CPU
		{CC5C4C9D-ACEA-4AF9-BF7B-D3C963F677E4}.Release|Any CPU.ActiveCfg = Release|Any CPU
	EndGlobalSection
	GlobalSection(SolutionProperties) = preSolution
		HideSolutionNode = FALSE
	EndGlobalSection
	GlobalSection(ExtensibilityGlobals) = postSolution
		SolutionGuid = {B404B2B2-B602-4988-9C36-DF3F10E58340}
	EndGlobalSection
EndGlobal
