
Microsoft Visual Studio Solution File, Format Version 12.00
# Visual Studio Version 16
VisualStudioVersion = 16.0.30011.22
MinimumVisualStudioVersion = 10.0.40219.1
Project("{888888A0-9F3D-457C-B088-3A5042F75D52}") = "01타일(DP 1904)", "01타일(DP 1904)\01타일(DP 1904).pyproj", "{7A9BB2D8-6730-49EC-904C-07A84F73C8CA}"
EndProject
Global
	GlobalSection(SolutionConfigurationPlatforms) = preSolution
		Debug|Any CPU = Debug|Any CPU
		Release|Any CPU = Release|Any CPU
	EndGlobalSection
	GlobalSection(ProjectConfigurationPlatforms) = postSolution
		{7A9BB2D8-6730-49EC-904C-07A84F73C8CA}.Debug|Any CPU.ActiveCfg = Debug|Any CPU
		{7A9BB2D8-6730-49EC-904C-07A84F73C8CA}.Release|Any CPU.ActiveCfg = Release|Any CPU
	EndGlobalSection
	GlobalSection(SolutionProperties) = preSolution
		HideSolutionNode = FALSE
	EndGlobalSection
	GlobalSection(ExtensibilityGlobals) = postSolution
		SolutionGuid = {9D93E80F-79E1-4B86-9C02-4699F5BC69D6}
	EndGlobalSection
EndGlobal
