
Microsoft Visual Studio Solution File, Format Version 12.00
# Visual Studio Version 16
VisualStudioVersion = 16.0.30011.22
MinimumVisualStudioVersion = 10.0.40219.1
Project("{888888A0-9F3D-457C-B088-3A5042F75D52}") = "카카오 자물쇠와 열쇠", "카카오 자물쇠와 열쇠\카카오 자물쇠와 열쇠.pyproj", "{B44AF7D1-8A42-4FEE-9080-0AD09F1044A4}"
EndProject
Global
	GlobalSection(SolutionConfigurationPlatforms) = preSolution
		Debug|Any CPU = Debug|Any CPU
		Release|Any CPU = Release|Any CPU
	EndGlobalSection
	GlobalSection(ProjectConfigurationPlatforms) = postSolution
		{B44AF7D1-8A42-4FEE-9080-0AD09F1044A4}.Debug|Any CPU.ActiveCfg = Debug|Any CPU
		{B44AF7D1-8A42-4FEE-9080-0AD09F1044A4}.Release|Any CPU.ActiveCfg = Release|Any CPU
	EndGlobalSection
	GlobalSection(SolutionProperties) = preSolution
		HideSolutionNode = FALSE
	EndGlobalSection
	GlobalSection(ExtensibilityGlobals) = postSolution
		SolutionGuid = {90C638D6-1416-4E3F-8C62-C1E613BECCB6}
	EndGlobalSection
EndGlobal
