
Microsoft Visual Studio Solution File, Format Version 12.00
# Visual Studio Version 16
VisualStudioVersion = 16.0.30011.22
MinimumVisualStudioVersion = 10.0.40219.1
Project("{888888A0-9F3D-457C-B088-3A5042F75D52}") = "외벽 점검 네번째", "외벽 점검 네번째\외벽 점검 네번째.pyproj", "{385509EF-8343-4400-BD04-10B46E21B741}"
EndProject
Global
	GlobalSection(SolutionConfigurationPlatforms) = preSolution
		Debug|Any CPU = Debug|Any CPU
		Release|Any CPU = Release|Any CPU
	EndGlobalSection
	GlobalSection(ProjectConfigurationPlatforms) = postSolution
		{385509EF-8343-4400-BD04-10B46E21B741}.Debug|Any CPU.ActiveCfg = Debug|Any CPU
		{385509EF-8343-4400-BD04-10B46E21B741}.Release|Any CPU.ActiveCfg = Release|Any CPU
	EndGlobalSection
	GlobalSection(SolutionProperties) = preSolution
		HideSolutionNode = FALSE
	EndGlobalSection
	GlobalSection(ExtensibilityGlobals) = postSolution
		SolutionGuid = {B0E51CB6-EC2E-4B92-B6CA-956773C722B5}
	EndGlobalSection
EndGlobal
