
Microsoft Visual Studio Solution File, Format Version 12.00
# Visual Studio Version 16
VisualStudioVersion = 16.0.30011.22
MinimumVisualStudioVersion = 10.0.40219.1
Project("{888888A0-9F3D-457C-B088-3A5042F75D52}") = "라면공장 힙", "라면공장 힙\라면공장 힙.pyproj", "{B069C70C-6294-4373-B581-D59C44CE175B}"
EndProject
Global
	GlobalSection(SolutionConfigurationPlatforms) = preSolution
		Debug|Any CPU = Debug|Any CPU
		Release|Any CPU = Release|Any CPU
	EndGlobalSection
	GlobalSection(ProjectConfigurationPlatforms) = postSolution
		{B069C70C-6294-4373-B581-D59C44CE175B}.Debug|Any CPU.ActiveCfg = Debug|Any CPU
		{B069C70C-6294-4373-B581-D59C44CE175B}.Release|Any CPU.ActiveCfg = Release|Any CPU
	EndGlobalSection
	GlobalSection(SolutionProperties) = preSolution
		HideSolutionNode = FALSE
	EndGlobalSection
	GlobalSection(ExtensibilityGlobals) = postSolution
		SolutionGuid = {E7998859-5316-4CF1-9941-639364A33DB1}
	EndGlobalSection
EndGlobal
