
Microsoft Visual Studio Solution File, Format Version 12.00
# Visual Studio Version 16
VisualStudioVersion = 16.0.30011.22
MinimumVisualStudioVersion = 10.0.40219.1
Project("{888888A0-9F3D-457C-B088-3A5042F75D52}") = "카카오 외벽 점검 첫번째", "카카오 외벽 점검 첫번째\카카오 외벽 점검 첫번째.pyproj", "{A04803CF-DEE8-483D-842F-A0A2E0A49341}"
EndProject
Global
	GlobalSection(SolutionConfigurationPlatforms) = preSolution
		Debug|Any CPU = Debug|Any CPU
		Release|Any CPU = Release|Any CPU
	EndGlobalSection
	GlobalSection(ProjectConfigurationPlatforms) = postSolution
		{A04803CF-DEE8-483D-842F-A0A2E0A49341}.Debug|Any CPU.ActiveCfg = Debug|Any CPU
		{A04803CF-DEE8-483D-842F-A0A2E0A49341}.Release|Any CPU.ActiveCfg = Release|Any CPU
	EndGlobalSection
	GlobalSection(SolutionProperties) = preSolution
		HideSolutionNode = FALSE
	EndGlobalSection
	GlobalSection(ExtensibilityGlobals) = postSolution
		SolutionGuid = {89957D68-0F11-4CD0-AE24-C4E3021391FA}
	EndGlobalSection
EndGlobal
