
Microsoft Visual Studio Solution File, Format Version 12.00
# Visual Studio Version 16
VisualStudioVersion = 16.0.30011.22
MinimumVisualStudioVersion = 10.0.40219.1
Project("{888888A0-9F3D-457C-B088-3A5042F75D52}") = "카카오 블록게임", "카카오 블록게임\카카오 블록게임.pyproj", "{BB4BCD79-0ECD-4FDA-88DD-F9ACF26CD968}"
EndProject
Global
	GlobalSection(SolutionConfigurationPlatforms) = preSolution
		Debug|Any CPU = Debug|Any CPU
		Release|Any CPU = Release|Any CPU
	EndGlobalSection
	GlobalSection(ProjectConfigurationPlatforms) = postSolution
		{BB4BCD79-0ECD-4FDA-88DD-F9ACF26CD968}.Debug|Any CPU.ActiveCfg = Debug|Any CPU
		{BB4BCD79-0ECD-4FDA-88DD-F9ACF26CD968}.Release|Any CPU.ActiveCfg = Release|Any CPU
	EndGlobalSection
	GlobalSection(SolutionProperties) = preSolution
		HideSolutionNode = FALSE
	EndGlobalSection
	GlobalSection(ExtensibilityGlobals) = postSolution
		SolutionGuid = {ACE571CA-80E7-477A-BD54-F5333C82781F}
	EndGlobalSection
EndGlobal
