
Microsoft Visual Studio Solution File, Format Version 12.00
# Visual Studio Version 16
VisualStudioVersion = 16.0.30011.22
MinimumVisualStudioVersion = 10.0.40219.1
Project("{888888A0-9F3D-457C-B088-3A5042F75D52}") = "카카오 블록게임 3번째", "카카오 블록게임 3번째\카카오 블록게임 3번째.pyproj", "{14ED8E36-B63D-48DE-9BB5-1C9C2C9E4DA7}"
EndProject
Global
	GlobalSection(SolutionConfigurationPlatforms) = preSolution
		Debug|Any CPU = Debug|Any CPU
		Release|Any CPU = Release|Any CPU
	EndGlobalSection
	GlobalSection(ProjectConfigurationPlatforms) = postSolution
		{14ED8E36-B63D-48DE-9BB5-1C9C2C9E4DA7}.Debug|Any CPU.ActiveCfg = Debug|Any CPU
		{14ED8E36-B63D-48DE-9BB5-1C9C2C9E4DA7}.Release|Any CPU.ActiveCfg = Release|Any CPU
	EndGlobalSection
	GlobalSection(SolutionProperties) = preSolution
		HideSolutionNode = FALSE
	EndGlobalSection
	GlobalSection(ExtensibilityGlobals) = postSolution
		SolutionGuid = {A28E2100-110C-4B91-AF8D-C348D6FCEDD4}
	EndGlobalSection
EndGlobal
