
Microsoft Visual Studio Solution File, Format Version 12.00
# Visual Studio Version 16
VisualStudioVersion = 16.0.30011.22
MinimumVisualStudioVersion = 10.0.40219.1
Project("{888888A0-9F3D-457C-B088-3A5042F75D52}") = "2606 바이러스 dfs", "2606 바이러스 dfs\2606 바이러스 dfs.pyproj", "{A9ECC34B-C76D-4DC6-A3E5-EDC8CB7519B3}"
EndProject
Project("{888888A0-9F3D-457C-B088-3A5042F75D52}") = "1260 dfs와 bfs", "..\1260 dfs와 bfs\1260 dfs와 bfs\1260 dfs와 bfs.pyproj", "{20E4AAEF-B5CA-4251-82CC-FE459D733E8C}"
EndProject
Global
	GlobalSection(SolutionConfigurationPlatforms) = preSolution
		Debug|Any CPU = Debug|Any CPU
		Release|Any CPU = Release|Any CPU
	EndGlobalSection
	GlobalSection(ProjectConfigurationPlatforms) = postSolution
		{A9ECC34B-C76D-4DC6-A3E5-EDC8CB7519B3}.Debug|Any CPU.ActiveCfg = Debug|Any CPU
		{A9ECC34B-C76D-4DC6-A3E5-EDC8CB7519B3}.Release|Any CPU.ActiveCfg = Release|Any CPU
		{20E4AAEF-B5CA-4251-82CC-FE459D733E8C}.Debug|Any CPU.ActiveCfg = Debug|Any CPU
		{20E4AAEF-B5CA-4251-82CC-FE459D733E8C}.Release|Any CPU.ActiveCfg = Release|Any CPU
	EndGlobalSection
	GlobalSection(SolutionProperties) = preSolution
		HideSolutionNode = FALSE
	EndGlobalSection
	GlobalSection(ExtensibilityGlobals) = postSolution
		SolutionGuid = {77B4CD9C-802A-4954-B794-4135BAA4DAFD}
	EndGlobalSection
EndGlobal
