
Microsoft Visual Studio Solution File, Format Version 12.00
# Visual Studio Version 16
VisualStudioVersion = 16.0.30011.22
MinimumVisualStudioVersion = 10.0.40219.1
Project("{888888A0-9F3D-457C-B088-3A5042F75D52}") = "그리디 조이스틱(다른 방법)", "그리디 조이스틱(다른 방법)\그리디 조이스틱(다른 방법).pyproj", "{62509A35-C863-4826-9AAB-3768B94ED375}"
EndProject
Global
	GlobalSection(SolutionConfigurationPlatforms) = preSolution
		Debug|Any CPU = Debug|Any CPU
		Release|Any CPU = Release|Any CPU
	EndGlobalSection
	GlobalSection(ProjectConfigurationPlatforms) = postSolution
		{62509A35-C863-4826-9AAB-3768B94ED375}.Debug|Any CPU.ActiveCfg = Debug|Any CPU
		{62509A35-C863-4826-9AAB-3768B94ED375}.Release|Any CPU.ActiveCfg = Release|Any CPU
	EndGlobalSection
	GlobalSection(SolutionProperties) = preSolution
		HideSolutionNode = FALSE
	EndGlobalSection
	GlobalSection(ExtensibilityGlobals) = postSolution
		SolutionGuid = {6A45E727-2BD1-44B1-A5CE-3E43FD661D82}
	EndGlobalSection
EndGlobal
