
Microsoft Visual Studio Solution File, Format Version 12.00
# Visual Studio Version 16
VisualStudioVersion = 16.0.30011.22
MinimumVisualStudioVersion = 10.0.40219.1
Project("{888888A0-9F3D-457C-B088-3A5042F75D52}") = "다리를 지나는 트럭 스택", "다리를 지나는 트럭 스택\다리를 지나는 트럭 스택.pyproj", "{62BDFBF3-EE52-4025-9694-EA234828C183}"
EndProject
Global
	GlobalSection(SolutionConfigurationPlatforms) = preSolution
		Debug|Any CPU = Debug|Any CPU
		Release|Any CPU = Release|Any CPU
	EndGlobalSection
	GlobalSection(ProjectConfigurationPlatforms) = postSolution
		{62BDFBF3-EE52-4025-9694-EA234828C183}.Debug|Any CPU.ActiveCfg = Debug|Any CPU
		{62BDFBF3-EE52-4025-9694-EA234828C183}.Release|Any CPU.ActiveCfg = Release|Any CPU
	EndGlobalSection
	GlobalSection(SolutionProperties) = preSolution
		HideSolutionNode = FALSE
	EndGlobalSection
	GlobalSection(ExtensibilityGlobals) = postSolution
		SolutionGuid = {3CBE6113-CEE9-49A1-B97C-40FB5CAEBE2D}
	EndGlobalSection
EndGlobal
