
Microsoft Visual Studio Solution File, Format Version 12.00
# Visual Studio Version 16
VisualStudioVersion = 16.0.30011.22
MinimumVisualStudioVersion = 10.0.40219.1
Project("{888888A0-9F3D-457C-B088-3A5042F75D52}") = "프린터 큐", "프린터 큐\프린터 큐.pyproj", "{47D8A531-8718-46A0-9148-E0475A429403}"
EndProject
Global
	GlobalSection(SolutionConfigurationPlatforms) = preSolution
		Debug|Any CPU = Debug|Any CPU
		Release|Any CPU = Release|Any CPU
	EndGlobalSection
	GlobalSection(ProjectConfigurationPlatforms) = postSolution
		{47D8A531-8718-46A0-9148-E0475A429403}.Debug|Any CPU.ActiveCfg = Debug|Any CPU
		{47D8A531-8718-46A0-9148-E0475A429403}.Release|Any CPU.ActiveCfg = Release|Any CPU
	EndGlobalSection
	GlobalSection(SolutionProperties) = preSolution
		HideSolutionNode = FALSE
	EndGlobalSection
	GlobalSection(ExtensibilityGlobals) = postSolution
		SolutionGuid = {A273FB24-CED7-4D48-A5EA-C5CF3E5247DE}
	EndGlobalSection
EndGlobal
