
Microsoft Visual Studio Solution File, Format Version 12.00
# Visual Studio Version 16
VisualStudioVersion = 16.0.30011.22
MinimumVisualStudioVersion = 10.0.40219.1
Project("{888888A0-9F3D-457C-B088-3A5042F75D52}") = "스코빌 힙", "스코빌 힙\스코빌 힙.pyproj", "{DBA4CBC6-D004-4265-B2C9-B897C4E5BDBD}"
EndProject
Global
	GlobalSection(SolutionConfigurationPlatforms) = preSolution
		Debug|Any CPU = Debug|Any CPU
		Release|Any CPU = Release|Any CPU
	EndGlobalSection
	GlobalSection(ProjectConfigurationPlatforms) = postSolution
		{DBA4CBC6-D004-4265-B2C9-B897C4E5BDBD}.Debug|Any CPU.ActiveCfg = Debug|Any CPU
		{DBA4CBC6-D004-4265-B2C9-B897C4E5BDBD}.Release|Any CPU.ActiveCfg = Release|Any CPU
	EndGlobalSection
	GlobalSection(SolutionProperties) = preSolution
		HideSolutionNode = FALSE
	EndGlobalSection
	GlobalSection(ExtensibilityGlobals) = postSolution
		SolutionGuid = {FF6C9D94-324E-4429-8527-4424A90C304D}
	EndGlobalSection
EndGlobal
