
Microsoft Visual Studio Solution File, Format Version 12.00
# Visual Studio Version 16
VisualStudioVersion = 16.0.30011.22
MinimumVisualStudioVersion = 10.0.40219.1
Project("{888888A0-9F3D-457C-B088-3A5042F75D52}") = "연습1111", "연습1111\연습1111.pyproj", "{B33719DE-E00D-4A8B-8D82-922F7497F963}"
EndProject
Global
	GlobalSection(SolutionConfigurationPlatforms) = preSolution
		Debug|Any CPU = Debug|Any CPU
		Release|Any CPU = Release|Any CPU
	EndGlobalSection
	GlobalSection(ProjectConfigurationPlatforms) = postSolution
		{B33719DE-E00D-4A8B-8D82-922F7497F963}.Debug|Any CPU.ActiveCfg = Debug|Any CPU
		{B33719DE-E00D-4A8B-8D82-922F7497F963}.Release|Any CPU.ActiveCfg = Release|Any CPU
	EndGlobalSection
	GlobalSection(SolutionProperties) = preSolution
		HideSolutionNode = FALSE
	EndGlobalSection
	GlobalSection(ExtensibilityGlobals) = postSolution
		SolutionGuid = {CBDFC978-872C-4F37-BCB0-37EAD6D6FD02}
	EndGlobalSection
EndGlobal
