
Microsoft Visual Studio Solution File, Format Version 12.00
# Visual Studio Version 16
VisualStudioVersion = 16.0.30011.22
MinimumVisualStudioVersion = 10.0.40219.1
Project("{888888A0-9F3D-457C-B088-3A5042F75D52}") = "카카오 추석 트래픽", "카카오 추석 트래픽\카카오 추석 트래픽.pyproj", "{532814A2-7F6D-4B50-8E82-1837CBCE19E1}"
EndProject
Global
	GlobalSection(SolutionConfigurationPlatforms) = preSolution
		Debug|Any CPU = Debug|Any CPU
		Release|Any CPU = Release|Any CPU
	EndGlobalSection
	GlobalSection(ProjectConfigurationPlatforms) = postSolution
		{532814A2-7F6D-4B50-8E82-1837CBCE19E1}.Debug|Any CPU.ActiveCfg = Debug|Any CPU
		{532814A2-7F6D-4B50-8E82-1837CBCE19E1}.Release|Any CPU.ActiveCfg = Release|Any CPU
	EndGlobalSection
	GlobalSection(SolutionProperties) = preSolution
		HideSolutionNode = FALSE
	EndGlobalSection
	GlobalSection(ExtensibilityGlobals) = postSolution
		SolutionGuid = {223F53AF-1591-477D-B81A-403D176BFF67}
	EndGlobalSection
EndGlobal
