
Microsoft Visual Studio Solution File, Format Version 12.00
# Visual Studio Version 16
VisualStudioVersion = 16.0.30011.22
MinimumVisualStudioVersion = 10.0.40219.1
Project("{888888A0-9F3D-457C-B088-3A5042F75D52}") = "01타일 dp", "01타일 dp\01타일 dp.pyproj", "{14E47307-037E-4105-8A4B-BD73B9C9BE4E}"
EndProject
Global
	GlobalSection(SolutionConfigurationPlatforms) = preSolution
		Debug|Any CPU = Debug|Any CPU
		Release|Any CPU = Release|Any CPU
	EndGlobalSection
	GlobalSection(ProjectConfigurationPlatforms) = postSolution
		{14E47307-037E-4105-8A4B-BD73B9C9BE4E}.Debug|Any CPU.ActiveCfg = Debug|Any CPU
		{14E47307-037E-4105-8A4B-BD73B9C9BE4E}.Release|Any CPU.ActiveCfg = Release|Any CPU
	EndGlobalSection
	GlobalSection(SolutionProperties) = preSolution
		HideSolutionNode = FALSE
	EndGlobalSection
	GlobalSection(ExtensibilityGlobals) = postSolution
		SolutionGuid = {DAA61216-2B5C-4052-BDB6-72ABB79BDAF0}
	EndGlobalSection
EndGlobal
