
Microsoft Visual Studio Solution File, Format Version 12.00
# Visual Studio Version 16
VisualStudioVersion = 16.0.30011.22
MinimumVisualStudioVersion = 10.0.40219.1
Project("{888888A0-9F3D-457C-B088-3A5042F75D52}") = "1507 궁금한민호 그래프", "1507 궁금한민호 그래프\1507 궁금한민호 그래프.pyproj", "{8E57ECFB-477C-436B-8763-9B9DBD8E601B}"
EndProject
Global
	GlobalSection(SolutionConfigurationPlatforms) = preSolution
		Debug|Any CPU = Debug|Any CPU
		Release|Any CPU = Release|Any CPU
	EndGlobalSection
	GlobalSection(ProjectConfigurationPlatforms) = postSolution
		{8E57ECFB-477C-436B-8763-9B9DBD8E601B}.Debug|Any CPU.ActiveCfg = Debug|Any CPU
		{8E57ECFB-477C-436B-8763-9B9DBD8E601B}.Release|Any CPU.ActiveCfg = Release|Any CPU
	EndGlobalSection
	GlobalSection(SolutionProperties) = preSolution
		HideSolutionNode = FALSE
	EndGlobalSection
	GlobalSection(ExtensibilityGlobals) = postSolution
		SolutionGuid = {2D2E8CE3-21DE-418A-8DD1-937A31B45315}
	EndGlobalSection
EndGlobal
